
Microsoft Visual Studio Solution File, Format Version 12.00
# Visual Studio Version 17
VisualStudioVersion = 17.13.35931.197 d17.13
MinimumVisualStudioVersion = 10.0.40219.1
Project("{FAE04EC0-301F-11D3-BF4B-00C04F79EFBC}") = "LAB14", "LAB14\LAB14.csproj", "{18DAE831-7A7E-4894-B2A3-733E1415D7AF}"
EndProject
Global
	GlobalSection(SolutionConfigurationPlatforms) = preSolution
		Debug|Any CPU = Debug|Any CPU
		Release|Any CPU = Release|Any CPU
	EndGlobalSection
	GlobalSection(ProjectConfigurationPlatforms) = postSolution
		{18DAE831-7A7E-4894-B2A3-733E1415D7AF}.Debug|Any CPU.ActiveCfg = Debug|Any CPU
		{18DAE831-7A7E-4894-B2A3-733E1415D7AF}.Debug|Any CPU.Build.0 = Debug|Any CPU
		{18DAE831-7A7E-4894-B2A3-733E1415D7AF}.Release|Any CPU.ActiveCfg = Release|Any CPU
		{18DAE831-7A7E-4894-B2A3-733E1415D7AF}.Release|Any CPU.Build.0 = Release|Any CPU
	EndGlobalSection
	GlobalSection(SolutionProperties) = preSolution
		HideSolutionNode = FALSE
	EndGlobalSection
	GlobalSection(ExtensibilityGlobals) = postSolution
		SolutionGuid = {6783062F-AA63-4570-AA8A-985869755243}
	EndGlobalSection
EndGlobal
